<?xml version="1.0" encoding="utf-8"?>
<Project ToolsVersion="4.0" xmlns="http://schemas.microsoft.com/developer/msbuild/2003">
  <ItemGroup>
    <Filter Include="Source Files">
      <UniqueIdentifier>{4FC737F1-C7A5-4376-A066-2A32D752A2FF}</UniqueIdentifier>
      <Extensions>cpp;c;cc;cxx;def;odl;idl;hpj;bat;asm;asmx</Extensions>
    </Filter>
    <Filter Include="Header Files">
      <UniqueIdentifier>{93995380-89BD-4b04-88EB-625FBE52EBFB}</UniqueIdentifier>
      <Extensions>h;hh;hpp;hxx;hm;inl;inc;xsd</Extensions>
    </Filter>
    <Filter Include="Resource Files">
      <UniqueIdentifier>{67DA6AB6-F800-4c08-8B7A-83BB121AAD01}</UniqueIdentifier>
      <Extensions>rc;ico;cur;bmp;dlg;rc2;rct;bin;rgs;gif;jpg;jpeg;jpe;resx;tiff;tif;png;wav;mfcribbon-ms</Extensions>
    </Filter>
  </ItemGroup>
  <ItemGroup>
    <ClCompile Include="..\src\bench.c">
      <Filter>Source Files</Filter>
    </ClCompile>
    <ClCompile Include="..\src\bit.c">
      <Filter>Source Files</Filter>
    </ClCompile>
    <ClCompile Include="..\src\bitboard.c">
      <Filter>Source Files</Filter>
    </ClCompile>
    <ClCompile Include="..\src\clconfig.c">
      <Filter>Source Files</Filter>
    </ClCompile>
    <ClCompile Include="..\src\clquery.c">
      <Filter>Source Files</Filter>
    </ClCompile>
    <ClCompile Include="..\src\clrun.c">
      <Filter>Source Files</Filter>
    </ClCompile>
    <ClCompile Include="..\src\io.c">
      <Filter>Source Files</Filter>
    </ClCompile>
    <ClCompile Include="..\src\search.c">
      <Filter>Source Files</Filter>
    </ClCompile>
    <ClCompile Include="..\src\test.c">
      <Filter>Source Files</Filter>
    </ClCompile>
    <ClCompile Include="..\src\timer.c">
      <Filter>Source Files</Filter>
    </ClCompile>
    <ClCompile Include="..\src\xboard.c">
      <Filter>Source Files</Filter>
    </ClCompile>
    <ClCompile Include="..\src\zeta.c">
      <Filter>Source Files</Filter>
    </ClCompile>
  </ItemGroup>
  <ItemGroup>
    <ClInclude Include="..\src\bench.h">
      <Filter>Source Files</Filter>
    </ClInclude>
    <ClInclude Include="..\src\bit.h">
      <Filter>Source Files</Filter>
    </ClInclude>
    <ClInclude Include="..\src\bitboard.h">
      <Filter>Source Files</Filter>
    </ClInclude>
    <ClInclude Include="..\src\clconfig.h">
      <Filter>Source Files</Filter>
    </ClInclude>
    <ClInclude Include="..\src\clquery.h">
      <Filter>Source Files</Filter>
    </ClInclude>
    <ClInclude Include="..\src\clrun.h">
      <Filter>Source Files</Filter>
    </ClInclude>
    <ClInclude Include="..\src\io.h">
      <Filter>Source Files</Filter>
    </ClInclude>
    <ClInclude Include="..\src\search.h">
      <Filter>Source Files</Filter>
    </ClInclude>
    <ClInclude Include="..\src\test.h">
      <Filter>Source Files</Filter>
    </ClInclude>
    <ClInclude Include="..\src\timer.h">
      <Filter>Source Files</Filter>
    </ClInclude>
    <ClInclude Include="..\src\types.h">
      <Filter>Source Files</Filter>
    </ClInclude>
    <ClInclude Include="..\src\xboard.h">
      <Filter>Source Files</Filter>
    </ClInclude>
    <ClInclude Include="..\src\zeta.h">
      <Filter>Source Files</Filter>
    </ClInclude>
    <ClInclude Include="..\src\zobrist.h">
      <Filter>Source Files</Filter>
    </ClInclude>
  </ItemGroup>
  <ItemGroup>
    <None Include="..\src\zeta.cl">
      <Filter>Source Files</Filter>
    </None>
    <None Include="..\src\zetaperft.cl">
      <Filter>Source Files</Filter>
    </None>
  </ItemGroup>
</Project>